// !$*UTF8*$!
{
	archiveVersion = 1;
	classes = {
	};
	objectVersion = 77;
	objects = {

/* Begin PBXContainerItemProxy section */
		A7234E572DC8784C00FFBC81 /* PBXContainerItemProxy */ = {
			isa = PBXContainerItemProxy;
			containerPortal = A7234E3E2DC8784B00FFBC81 /* Project object */;
			proxyType = 1;
			remoteGlobalIDString = A7234E452DC8784C00FFBC81;
			remoteInfo = ReadOn;
		};
		A7234E612DC8784C00FFBC81 /* PBXContainerItemProxy */ = {
			isa = PBXContainerItemProxy;
			containerPortal = A7234E3E2DC8784B00FFBC81 /* Project object */;
			proxyType = 1;
			remoteGlobalIDString = A7234E452DC8784C00FFBC81;
			remoteInfo = ReadOn;
		};
/* End PBXContainerItemProxy section */

/* Begin PBXFileReference section */
		A7234E462DC8784C00FFBC81 /* ReadOn.app */ = {isa = PBXFileReference; explicitFileType = wrapper.application; includeInIndex = 0; path = ReadOn.app; sourceTree = BUILT_PRODUCTS_DIR; };
		A7234E562DC8784C00FFBC81 /* ReadOnTests.xctest */ = {isa = PBXFileReference; explicitFileType = wrapper.cfbundle; includeInIndex = 0; path = ReadOnTests.xctest; sourceTree = BUILT_PRODUCTS_DIR; };
		A7234E602DC8784C00FFBC81 /* ReadOnUITests.xctest */ = {isa = PBXFileReference; explicitFileType = wrapper.cfbundle; includeInIndex = 0; path = ReadOnUITests.xctest; sourceTree = BUILT_PRODUCTS_DIR; };
/* End PBXFileReference section */

/* Begin PBXFileSystemSynchronizedRootGroup section */
		A7234E482DC8784C00FFBC81 /* ReadOn */ = {
			isa = PBXFileSystemSynchronizedRootGroup;
			path = ReadOn;
			sourceTree = "<group>";
		};
		A7234E592DC8784C00FFBC81 /* ReadOnTests */ = {
			isa = PBXFileSystemSynchronizedRootGroup;
			path = ReadOnTests;
			sourceTree = "<group>";
		};
		A7234E632DC8784C00FFBC81 /* ReadOnUITests */ = {
			isa = PBXFileSystemSynchronizedRootGroup;
			path = ReadOnUITests;
			sourceTree = "<group>";
		};
/* End PBXFileSystemSynchronizedRootGroup section */

/* Begin PBXFrameworksBuildPhase section */
		A7234E432DC8784C00FFBC81 /* Frameworks */ = {
			isa = PBXFrameworksBuildPhase;
			buildActionMask = 2147483647;
			files = (
			);
			runOnlyForDeploymentPostprocessing = 0;
		};
		A7234E532DC8784C00FFBC81 /* Frameworks */ = {
			isa = PBXFrameworksBuildPhase;
			buildActionMask = 2147483647;
			files = (
			);
			runOnlyForDeploymentPostprocessing = 0;
		};
		A7234E5D2DC8784C00FFBC81 /* Frameworks */ = {
			isa = PBXFrameworksBuildPhase;
			buildActionMask = 2147483647;
			files = (
			);
			runOnlyForDeploymentPostprocessing = 0;
		};
/* End PBXFrameworksBuildPhase section */

/* Begin PBXGroup section */
		A7234E3D2DC8784B00FFBC81 = {
			isa = PBXGroup;
			children = (
				A7234E482DC8784C00FFBC81 /* ReadOn */,
				A7234E592DC8784C00FFBC81 /* ReadOnTests */,
				A7234E632DC8784C00FFBC81 /* ReadOnUITests */,
				A7234E472DC8784C00FFBC81 /* Products */,
			);
			sourceTree = "<group>";
		};
		A7234E472DC8784C00FFBC81 /* Products */ = {
			isa = PBXGroup;
			children = (
				A7234E462DC8784C00FFBC81 /* ReadOn.app */,
				A7234E562DC8784C00FFBC81 /* ReadOnTests.xctest */,
				A7234E602DC8784C00FFBC81 /* ReadOnUITests.xctest */,
			);
			name = Products;
			sourceTree = "<group>";
		};
/* End PBXGroup section */

/* Begin PBXNativeTarget section */
		A7234E452DC8784C00FFBC81 /* ReadOn */ = {
			isa = PBXNativeTarget;
			buildConfigurationList = A7234E6A2DC8784C00FFBC81 /* Build configuration list for PBXNativeTarget "ReadOn" */;
			buildPhases = (
				A7234E422DC8784C00FFBC81 /* Sources */,
				A7234E432DC8784C00FFBC81 /* Frameworks */,
				A7234E442DC8784C00FFBC81 /* Resources */,
			);
			buildRules = (
			);
			dependencies = (
			);
			fileSystemSynchronizedGroups = (
				A7234E482DC8784C00FFBC81 /* ReadOn */,
			);
			name = ReadOn;
			packageProductDependencies = (
			);
			productName = ReadOn;
			productReference = A7234E462DC8784C00FFBC81 /* ReadOn.app */;
			productType = "com.apple.product-type.application";
		};
		A7234E552DC8784C00FFBC81 /* ReadOnTests */ = {
			isa = PBXNativeTarget;
			buildConfigurationList = A7234E6D2DC8784C00FFBC81 /* Build configuration list for PBXNativeTarget "ReadOnTests" */;
			buildPhases = (
				A7234E522DC8784C00FFBC81 /* Sources */,
				A7234E532DC8784C00FFBC81 /* Frameworks */,
				A7234E542DC8784C00FFBC81 /* Resources */,
			);
			buildRules = (
			);
			dependencies = (
				A7234E582DC8784C00FFBC81 /* PBXTargetDependency */,
			);
			fileSystemSynchronizedGroups = (
				A7234E592DC8784C00FFBC81 /* ReadOnTests */,
			);
			name = ReadOnTests;
			packageProductDependencies = (
			);
			productName = ReadOnTests;
			productReference = A7234E562DC8784C00FFBC81 /* ReadOnTests.xctest */;
			productType = "com.apple.product-type.bundle.unit-test";
		};
		A7234E5F2DC8784C00FFBC81 /* ReadOnUITests */ = {
			isa = PBXNativeTarget;
			buildConfigurationList = A7234E702DC8784C00FFBC81 /* Build configuration list for PBXNativeTarget "ReadOnUITests" */;
			buildPhases = (
				A7234E5C2DC8784C00FFBC81 /* Sources */,
				A7234E5D2DC8784C00FFBC81 /* Frameworks */,
				A7234E5E2DC8784C00FFBC81 /* Resources */,
			);
			buildRules = (
			);
			dependencies = (
				A7234E622DC8784C00FFBC81 /* PBXTargetDependency */,
			);
			fileSystemSynchronizedGroups = (
				A7234E632DC8784C00FFBC81 /* ReadOnUITests */,
			);
			name = ReadOnUITests;
			packageProductDependencies = (
			);
			productName = ReadOnUITests;
			productReference = A7234E602DC8784C00FFBC81 /* ReadOnUITests.xctest */;
			productType = "com.apple.product-type.bundle.ui-testing";
		};
/* End PBXNativeTarget section */

/* Begin PBXProject section */
		A7234E3E2DC8784B00FFBC81 /* Project object */ = {
			isa = PBXProject;
			attributes = {
				BuildIndependentTargetsInParallel = 1;
				LastSwiftUpdateCheck = 1620;
				LastUpgradeCheck = 1620;
				TargetAttributes = {
					A7234E452DC8784C00FFBC81 = {
						CreatedOnToolsVersion = 16.2;
					};
					A7234E552DC8784C00FFBC81 = {
						CreatedOnToolsVersion = 16.2;
						TestTargetID = A7234E452DC8784C00FFBC81;
					};
					A7234E5F2DC8784C00FFBC81 = {
						CreatedOnToolsVersion = 16.2;
						TestTargetID = A7234E452DC8784C00FFBC81;
					};
				};
			};
			buildConfigurationList = A7234E412DC8784B00FFBC81 /* Build configuration list for PBXProject "ReadOn" */;
			developmentRegion = en;
			hasScannedForEncodings = 0;
			knownRegions = (
				en,
				Base,
			);
			mainGroup = A7234E3D2DC8784B00FFBC81;
			minimizedProjectReferenceProxies = 1;
			preferredProjectObjectVersion = 77;
			productRefGroup = A7234E472DC8784C00FFBC81 /* Products */;
			projectDirPath = "";
			projectRoot = "";
			targets = (
				A7234E452DC8784C00FFBC81 /* ReadOn */,
				A7234E552DC8784C00FFBC81 /* ReadOnTests */,
				A7234E5F2DC8784C00FFBC81 /* ReadOnUITests */,
			);
		};
/* End PBXProject section */

/* Begin PBXResourcesBuildPhase section */
		A7234E442DC8784C00FFBC81 /* Resources */ = {
			isa = PBXResourcesBuildPhase;
			buildActionMask = 2147483647;
			files = (
			);
			runOnlyForDeploymentPostprocessing = 0;
		};
		A7234E542DC8784C00FFBC81 /* Resources */ = {
			isa = PBXResourcesBuildPhase;
			buildActionMask = 2147483647;
			files = (
			);
			runOnlyForDeploymentPostprocessing = 0;
		};
		A7234E5E2DC8784C00FFBC81 /* Resources */ = {
			isa = PBXResourcesBuildPhase;
			buildActionMask = 2147483647;
			files = (
			);
			runOnlyForDeploymentPostprocessing = 0;
		};
/* End PBXResourcesBuildPhase section */

/* Begin PBXSourcesBuildPhase section */
		A7234E422DC8784C00FFBC81 /* Sources */ = {
			isa = PBXSourcesBuildPhase;
			buildActionMask = 2147483647;
			files = (
			);
			runOnlyForDeploymentPostprocessing = 0;
		};
		A7234E522DC8784C00FFBC81 /* Sources */ = {
			isa = PBXSourcesBuildPhase;
			buildActionMask = 2147483647;
			files = (
			);
			runOnlyForDeploymentPostprocessing = 0;
		};
		A7234E5C2DC8784C00FFBC81 /* Sources */ = {
			isa = PBXSourcesBuildPhase;
			buildActionMask = 2147483647;
			files = (
			);
			runOnlyForDeploymentPostprocessing = 0;
		};
/* End PBXSourcesBuildPhase section */

/* Begin PBXTargetDependency section */
		A7234E582DC8784C00FFBC81 /* PBXTargetDependency */ = {
			isa = PBXTargetDependency;
			target = A7234E452DC8784C00FFBC81 /* ReadOn */;
			targetProxy = A7234E572DC8784C00FFBC81 /* PBXContainerItemProxy */;
		};
		A7234E622DC8784C00FFBC81 /* PBXTargetDependency */ = {
			isa = PBXTargetDependency;
			target = A7234E452DC8784C00FFBC81 /* ReadOn */;
			targetProxy = A7234E612DC8784C00FFBC81 /* PBXContainerItemProxy */;
		};
/* End PBXTargetDependency section */

/* Begin XCBuildConfiguration section */
		A7234E682DC8784C00FFBC81 /* Debug */ = {
			isa = XCBuildConfiguration;
			buildSettings = {
				ALWAYS_SEARCH_USER_PATHS = NO;
				ASSETCATALOG_COMPILER_GENERATE_SWIFT_ASSET_SYMBOL_EXTENSIONS = YES;
				CLANG_ANALYZER_NONNULL = YES;
				CLANG_ANALYZER_NUMBER_OBJECT_CONVERSION = YES_AGGRESSIVE;
				CLANG_CXX_LANGUAGE_STANDARD = "gnu++20";
				CLANG_ENABLE_MODULES = YES;
				CLANG_ENABLE_OBJC_ARC = YES;
				CLANG_ENABLE_OBJC_WEAK = YES;
				CLANG_WARN_BLOCK_CAPTURE_AUTORELEASING = YES;
				CLANG_WARN_BOOL_CONVERSION = YES;
				CLANG_WARN_COMMA = YES;
				CLANG_WARN_CONSTANT_CONVERSION = YES;
				CLANG_WARN_DEPRECATED_OBJC_IMPLEMENTATIONS = YES;
				CLANG_WARN_DIRECT_OBJC_ISA_USAGE = YES_ERROR;
				CLANG_WARN_DOCUMENTATION_COMMENTS = YES;
				CLANG_WARN_EMPTY_BODY = YES;
				CLANG_WARN_ENUM_CONVERSION = YES;
				CLANG_WARN_INFINITE_RECURSION = YES;
				CLANG_WARN_INT_CONVERSION = YES;
				CLANG_WARN_NON_LITERAL_NULL_CONVERSION = YES;
				CLANG_WARN_OBJC_IMPLICIT_RETAIN_SELF = YES;
				CLANG_WARN_OBJC_LITERAL_CONVERSION = YES;
				CLANG_WARN_OBJC_ROOT_CLASS = YES_ERROR;
				CLANG_WARN_QUOTED_INCLUDE_IN_FRAMEWORK_HEADER = YES;
				CLANG_WARN_RANGE_LOOP_ANALYSIS = YES;
				CLANG_WARN_STRICT_PROTOTYPES = YES;
				CLANG_WARN_SUSPICIOUS_MOVE = YES;
				CLANG_WARN_UNGUARDED_AVAILABILITY = YES_AGGRESSIVE;
				CLANG_WARN_UNREACHABLE_CODE = YES;
				CLANG_WARN__DUPLICATE_METHOD_MATCH = YES;
				COPY_PHASE_STRIP = NO;
				DEBUG_INFORMATION_FORMAT = dwarf;
				ENABLE_STRICT_OBJC_MSGSEND = YES;
				ENABLE_TESTABILITY = YES;
				ENABLE_USER_SCRIPT_SANDBOXING = YES;
				GCC_C_LANGUAGE_STANDARD = gnu17;
				GCC_DYNAMIC_NO_PIC = NO;
				GCC_NO_COMMON_BLOCKS = YES;
				GCC_OPTIMIZATION_LEVEL = 0;
				GCC_PREPROCESSOR_DEFINITIONS = (
					"DEBUG=1",
					"$(inherited)",
				);
				GCC_WARN_64_TO_32_BIT_CONVERSION = YES;
				GCC_WARN_ABOUT_RETURN_TYPE = YES_ERROR;
				GCC_WARN_UNDECLARED_SELECTOR = YES;
				GCC_WARN_UNINITIALIZED_AUTOS = YES_AGGRESSIVE;
				GCC_WARN_UNUSED_FUNCTION = YES;
				GCC_WARN_UNUSED_VARIABLE = YES;
				IPHONEOS_DEPLOYMENT_TARGET = 18.2;
				LOCALIZATION_PREFERS_STRING_CATALOGS = YES;
				MTL_ENABLE_DEBUG_INFO = INCLUDE_SOURCE;
				MTL_FAST_MATH = YES;
				ONLY_ACTIVE_ARCH = YES;
				SDKROOT = iphoneos;
				SWIFT_ACTIVE_COMPILATION_CONDITIONS = "DEBUG $(inherited)";
				SWIFT_OPTIMIZATION_LEVEL = "-Onone";
			};
			name = Debug;
		};
		A7234E692DC8784C00FFBC81 /* Release */ = {
			isa = XCBuildConfiguration;
			buildSettings = {
				ALWAYS_SEARCH_USER_PATHS = NO;
				ASSETCATALOG_COMPILER_GENERATE_SWIFT_ASSET_SYMBOL_EXTENSIONS = YES;
				CLANG_ANALYZER_NONNULL = YES;
				CLANG_ANALYZER_NUMBER_OBJECT_CONVERSION = YES_AGGRESSIVE;
				CLANG_CXX_LANGUAGE_STANDARD = "gnu++20";
				CLANG_ENABLE_MODULES = YES;
				CLANG_ENABLE_OBJC_ARC = YES;
				CLANG_ENABLE_OBJC_WEAK = YES;
				CLANG_WARN_BLOCK_CAPTURE_AUTORELEASING = YES;
				CLANG_WARN_BOOL_CONVERSION = YES;
				CLANG_WARN_COMMA = YES;
				CLANG_WARN_CONSTANT_CONVERSION = YES;
				CLANG_WARN_DEPRECATED_OBJC_IMPLEMENTATIONS = YES;
				CLANG_WARN_DIRECT_OBJC_ISA_USAGE = YES_ERROR;
				CLANG_WARN_DOCUMENTATION_COMMENTS = YES;
				CLANG_WARN_EMPTY_BODY = YES;
				CLANG_WARN_ENUM_CONVERSION = YES;
				CLANG_WARN_INFINITE_RECURSION = YES;
				CLANG_WARN_INT_CONVERSION = YES;
				CLANG_WARN_NON_LITERAL_NULL_CONVERSION = YES;
				CLANG_WARN_OBJC_IMPLICIT_RETAIN_SELF = YES;
				CLANG_WARN_OBJC_LITERAL_CONVERSION = YES;
				CLANG_WARN_OBJC_ROOT_CLASS = YES_ERROR;
				CLANG_WARN_QUOTED_INCLUDE_IN_FRAMEWORK_HEADER = YES;
				CLANG_WARN_RANGE_LOOP_ANALYSIS = YES;
				CLANG_WARN_STRICT_PROTOTYPES = YES;
				CLANG_WARN_SUSPICIOUS_MOVE = YES;
				CLANG_WARN_UNGUARDED_AVAILABILITY = YES_AGGRESSIVE;
				CLANG_WARN_UNREACHABLE_CODE = YES;
				CLANG_WARN__DUPLICATE_METHOD_MATCH = YES;
				COPY_PHASE_STRIP = NO;
				DEBUG_INFORMATION_FORMAT = "dwarf-with-dsym";
				ENABLE_NS_ASSERTIONS = NO;
				ENABLE_STRICT_OBJC_MSGSEND = YES;
				ENABLE_USER_SCRIPT_SANDBOXING = YES;
				GCC_C_LANGUAGE_STANDARD = gnu17;
				GCC_NO_COMMON_BLOCKS = YES;
				GCC_WARN_64_TO_32_BIT_CONVERSION = YES;
				GCC_WARN_ABOUT_RETURN_TYPE = YES_ERROR;
				GCC_WARN_UNDECLARED_SELECTOR = YES;
				GCC_WARN_UNINITIALIZED_AUTOS = YES_AGGRESSIVE;
				GCC_WARN_UNUSED_FUNCTION = YES;
				GCC_WARN_UNUSED_VARIABLE = YES;
				IPHONEOS_DEPLOYMENT_TARGET = 18.2;
				LOCALIZATION_PREFERS_STRING_CATALOGS = YES;
				MTL_ENABLE_DEBUG_INFO = NO;
				MTL_FAST_MATH = YES;
				SDKROOT = iphoneos;
				SWIFT_COMPILATION_MODE = wholemodule;
				VALIDATE_PRODUCT = YES;
			};
			name = Release;
		};
		A7234E6B2DC8784C00FFBC81 /* Debug */ = {
			isa = XCBuildConfiguration;
			buildSettings = {
				ASSETCATALOG_COMPILER_APPICON_NAME = AppIcon;
				ASSETCATALOG_COMPILER_GLOBAL_ACCENT_COLOR_NAME = AccentColor;
				CODE_SIGN_STYLE = Automatic;
				CURRENT_PROJECT_VERSION = 1;
				DEVELOPMENT_ASSET_PATHS = "\"ReadOn/Preview Content\"";
				DEVELOPMENT_TEAM = L7RQ7B5F43;
				ENABLE_PREVIEWS = YES;
				GENERATE_INFOPLIST_FILE = YES;
				INFOPLIST_KEY_UIApplicationSceneManifest_Generation = YES;
				INFOPLIST_KEY_UIApplicationSupportsIndirectInputEvents = YES;
				INFOPLIST_KEY_UILaunchScreen_Generation = YES;
				INFOPLIST_KEY_UISupportedInterfaceOrientations_iPad = "UIInterfaceOrientationPortrait UIInterfaceOrientationPortraitUpsideDown UIInterfaceOrientationLandscapeLeft UIInterfaceOrientationLandscapeRight";
				INFOPLIST_KEY_UISupportedInterfaceOrientations_iPhone = "UIInterfaceOrientationPortrait UIInterfaceOrientationLandscapeLeft UIInterfaceOrientationLandscapeRight";
				LD_RUNPATH_SEARCH_PATHS = (
					"$(inherited)",
					"@executable_path/Frameworks",
				);
				MARKETING_VERSION = 1.0;
				PRODUCT_BUNDLE_IDENTIFIER = com.kodkode.readon.ReadOn;
				PRODUCT_NAME = "$(TARGET_NAME)";
				SWIFT_EMIT_LOC_STRINGS = YES;
				SWIFT_VERSION = 5.0;
				TARGETED_DEVICE_FAMILY = "1,2";
			};
			name = Debug;
		};
		A7234E6C2DC8784C00FFBC81 /* Release */ = {
			isa = XCBuildConfiguration;
			buildSettings = {
				ASSETCATALOG_COMPILER_APPICON_NAME = AppIcon;
				ASSETCATALOG_COMPILER_GLOBAL_ACCENT_COLOR_NAME = AccentColor;
				CODE_SIGN_STYLE = Automatic;
				CURRENT_PROJECT_VERSION = 1;
				DEVELOPMENT_ASSET_PATHS = "\"ReadOn/Preview Content\"";
				DEVELOPMENT_TEAM = L7RQ7B5F43;
				ENABLE_PREVIEWS = YES;
				GENERATE_INFOPLIST_FILE = YES;
				INFOPLIST_KEY_UIApplicationSceneManifest_Generation = YES;
				INFOPLIST_KEY_UIApplicationSupportsIndirectInputEvents = YES;
				INFOPLIST_KEY_UILaunchScreen_Generation = YES;
				INFOPLIST_KEY_UISupportedInterfaceOrientations_iPad = "UIInterfaceOrientationPortrait UIInterfaceOrientationPortraitUpsideDown UIInterfaceOrientationLandscapeLeft UIInterfaceOrientationLandscapeRight";
				INFOPLIST_KEY_UISupportedInterfaceOrientations_iPhone = "UIInterfaceOrientationPortrait UIInterfaceOrientationLandscapeLeft UIInterfaceOrientationLandscapeRight";
				LD_RUNPATH_SEARCH_PATHS = (
					"$(inherited)",
					"@executable_path/Frameworks",
				);
				MARKETING_VERSION = 1.0;
				PRODUCT_BUNDLE_IDENTIFIER = com.kodkode.readon.ReadOn;
				PRODUCT_NAME = "$(TARGET_NAME)";
				SWIFT_EMIT_LOC_STRINGS = YES;
				SWIFT_VERSION = 5.0;
				TARGETED_DEVICE_FAMILY = "1,2";
			};
			name = Release;
		};
		A7234E6E2DC8784C00FFBC81 /* Debug */ = {
			isa = XCBuildConfiguration;
			buildSettings = {
				BUNDLE_LOADER = "$(TEST_HOST)";
				CODE_SIGN_STYLE = Automatic;
				CURRENT_PROJECT_VERSION = 1;
				DEVELOPMENT_TEAM = L7RQ7B5F43;
				GENERATE_INFOPLIST_FILE = YES;
				IPHONEOS_DEPLOYMENT_TARGET = 18.2;
				MARKETING_VERSION = 1.0;
				PRODUCT_BUNDLE_IDENTIFIER = com.kodkode.readon.ReadOnTests;
				PRODUCT_NAME = "$(TARGET_NAME)";
				SWIFT_EMIT_LOC_STRINGS = NO;
				SWIFT_VERSION = 5.0;
				TARGETED_DEVICE_FAMILY = "1,2";
				TEST_HOST = "$(BUILT_PRODUCTS_DIR)/ReadOn.app/$(BUNDLE_EXECUTABLE_FOLDER_PATH)/ReadOn";
			};
			name = Debug;
		};
		A7234E6F2DC8784C00FFBC81 /* Release */ = {
			isa = XCBuildConfiguration;
			buildSettings = {
				BUNDLE_LOADER = "$(TEST_HOST)";
				CODE_SIGN_STYLE = Automatic;
				CURRENT_PROJECT_VERSION = 1;
				DEVELOPMENT_TEAM = L7RQ7B5F43;
				GENERATE_INFOPLIST_FILE = YES;
				IPHONEOS_DEPLOYMENT_TARGET = 18.2;
				MARKETING_VERSION = 1.0;
				PRODUCT_BUNDLE_IDENTIFIER = com.kodkode.readon.ReadOnTests;
				PRODUCT_NAME = "$(TARGET_NAME)";
				SWIFT_EMIT_LOC_STRINGS = NO;
				SWIFT_VERSION = 5.0;
				TARGETED_DEVICE_FAMILY = "1,2";
				TEST_HOST = "$(BUILT_PRODUCTS_DIR)/ReadOn.app/$(BUNDLE_EXECUTABLE_FOLDER_PATH)/ReadOn";
			};
			name = Release;
		};
		A7234E712DC8784C00FFBC81 /* Debug */ = {
			isa = XCBuildConfiguration;
			buildSettings = {
				CODE_SIGN_STYLE = Automatic;
				CURRENT_PROJECT_VERSION = 1;
				DEVELOPMENT_TEAM = L7RQ7B5F43;
				GENERATE_INFOPLIST_FILE = YES;
				MARKETING_VERSION = 1.0;
				PRODUCT_BUNDLE_IDENTIFIER = com.kodkode.readon.ReadOnUITests;
				PRODUCT_NAME = "$(TARGET_NAME)";
				SWIFT_EMIT_LOC_STRINGS = NO;
				SWIFT_VERSION = 5.0;
				TARGETED_DEVICE_FAMILY = "1,2";
				TEST_TARGET_NAME = ReadOn;
			};
			name = Debug;
		};
		A7234E722DC8784C00FFBC81 /* Release */ = {
			isa = XCBuildConfiguration;
			buildSettings = {
				CODE_SIGN_STYLE = Automatic;
				CURRENT_PROJECT_VERSION = 1;
				DEVELOPMENT_TEAM = L7RQ7B5F43;
				GENERATE_INFOPLIST_FILE = YES;
				MARKETING_VERSION = 1.0;
				PRODUCT_BUNDLE_IDENTIFIER = com.kodkode.readon.ReadOnUITests;
				PRODUCT_NAME = "$(TARGET_NAME)";
				SWIFT_EMIT_LOC_STRINGS = NO;
				SWIFT_VERSION = 5.0;
				TARGETED_DEVICE_FAMILY = "1,2";
				TEST_TARGET_NAME = ReadOn;
			};
			name = Release;
		};
/* End XCBuildConfiguration section */

/* Begin XCConfigurationList section */
		A7234E412DC8784B00FFBC81 /* Build configuration list for PBXProject "ReadOn" */ = {
			isa = XCConfigurationList;
			buildConfigurations = (
				A7234E682DC8784C00FFBC81 /* Debug */,
				A7234E692DC8784C00FFBC81 /* Release */,
			);
			defaultConfigurationIsVisible = 0;
			defaultConfigurationName = Release;
		};
		A7234E6A2DC8784C00FFBC81 /* Build configuration list for PBXNativeTarget "ReadOn" */ = {
			isa = XCConfigurationList;
			buildConfigurations = (
				A7234E6B2DC8784C00FFBC81 /* Debug */,
				A7234E6C2DC8784C00FFBC81 /* Release */,
			);
			defaultConfigurationIsVisible = 0;
			defaultConfigurationName = Release;
		};
		A7234E6D2DC8784C00FFBC81 /* Build configuration list for PBXNativeTarget "ReadOnTests" */ = {
			isa = XCConfigurationList;
			buildConfigurations = (
				A7234E6E2DC8784C00FFBC81 /* Debug */,
				A7234E6F2DC8784C00FFBC81 /* Release */,
			);
			defaultConfigurationIsVisible = 0;
			defaultConfigurationName = Release;
		};
		A7234E702DC8784C00FFBC81 /* Build configuration list for PBXNativeTarget "ReadOnUITests" */ = {
			isa = XCConfigurationList;
			buildConfigurations = (
				A7234E712DC8784C00FFBC81 /* Debug */,
				A7234E722DC8784C00FFBC81 /* Release */,
			);
			defaultConfigurationIsVisible = 0;
			defaultConfigurationName = Release;
		};
/* End XCConfigurationList section */
	};
	rootObject = A7234E3E2DC8784B00FFBC81 /* Project object */;
}
